// !$*UTF8*$!
{
	archiveVersion = 1;
	classes = {
	};
	objectVersion = 56;
	objects = {

/* Begin PBXBuildFile section */
		D22F5A38297E82FD000D1524 /* PeerBrowser.swift in Sources */ = {isa = PBXBuildFile; fileRef = D22F5A37297E82FD000D1524 /* PeerBrowser.swift */; };
		D239652929793BD90098FD50 /* NWParameters+InitWithPasscode.swift in Sources */ = {isa = PBXBuildFile; fileRef = D239652829793BD90098FD50 /* NWParameters+InitWithPasscode.swift */; };
		D26EBB0A297632F000BA2012 /* DemoNetworkAppApp.swift in Sources */ = {isa = PBXBuildFile; fileRef = D26EBB09297632F000BA2012 /* DemoNetworkAppApp.swift */; };
		D26EBB0E297632F100BA2012 /* Assets.xcassets in Resources */ = {isa = PBXBuildFile; fileRef = D26EBB0D297632F100BA2012 /* Assets.xcassets */; };
		D26EBB11297632F100BA2012 /* Preview Assets.xcassets in Resources */ = {isa = PBXBuildFile; fileRef = D26EBB10297632F100BA2012 /* Preview Assets.xcassets */; };
		D26EBB1C297634B600BA2012 /* AppViewModel.swift in Sources */ = {isa = PBXBuildFile; fileRef = D26EBB17297634B600BA2012 /* AppViewModel.swift */; };
		D26EBB1E297634B600BA2012 /* DeviceView.swift in Sources */ = {isa = PBXBuildFile; fileRef = D26EBB19297634B600BA2012 /* DeviceView.swift */; };
		D26EBB1F297634B600BA2012 /* LogView.swift in Sources */ = {isa = PBXBuildFile; fileRef = D26EBB1A297634B600BA2012 /* LogView.swift */; };
		D26EBB20297634B600BA2012 /* ActionView.swift in Sources */ = {isa = PBXBuildFile; fileRef = D26EBB1B297634B600BA2012 /* ActionView.swift */; };
		D26EBB25297638E500BA2012 /* ContentView.swift in Sources */ = {isa = PBXBuildFile; fileRef = D26EBB24297638E500BA2012 /* ContentView.swift */; };
		D26EBB272976392500BA2012 /* PeerConnection.swift in Sources */ = {isa = PBXBuildFile; fileRef = D26EBB262976392500BA2012 /* PeerConnection.swift */; };
		D26EBB2A29768A7500BA2012 /* PeerListener.swift in Sources */ = {isa = PBXBuildFile; fileRef = D26EBB2929768A7500BA2012 /* PeerListener.swift */; };
		D2C8409029815E7F0012C2F1 /* PeerProtocol.swift in Sources */ = {isa = PBXBuildFile; fileRef = D2C8408F29815E7F0012C2F1 /* PeerProtocol.swift */; };
/* End PBXBuildFile section */

/* Begin PBXFileReference section */
		D22F5A37297E82FD000D1524 /* PeerBrowser.swift */ = {isa = PBXFileReference; lastKnownFileType = sourcecode.swift; path = PeerBrowser.swift; sourceTree = "<group>"; };
		D239652829793BD90098FD50 /* NWParameters+InitWithPasscode.swift */ = {isa = PBXFileReference; fileEncoding = 4; lastKnownFileType = sourcecode.swift; path = "NWParameters+InitWithPasscode.swift"; sourceTree = "<group>"; };
		D26EBB06297632F000BA2012 /* DemoNetworkApp.app */ = {isa = PBXFileReference; explicitFileType = wrapper.application; includeInIndex = 0; path = DemoNetworkApp.app; sourceTree = BUILT_PRODUCTS_DIR; };
		D26EBB09297632F000BA2012 /* DemoNetworkAppApp.swift */ = {isa = PBXFileReference; lastKnownFileType = sourcecode.swift; path = DemoNetworkAppApp.swift; sourceTree = "<group>"; };
		D26EBB0D297632F100BA2012 /* Assets.xcassets */ = {isa = PBXFileReference; lastKnownFileType = folder.assetcatalog; path = Assets.xcassets; sourceTree = "<group>"; };
		D26EBB10297632F100BA2012 /* Preview Assets.xcassets */ = {isa = PBXFileReference; lastKnownFileType = folder.assetcatalog; path = "Preview Assets.xcassets"; sourceTree = "<group>"; };
		D26EBB17297634B600BA2012 /* AppViewModel.swift */ = {isa = PBXFileReference; fileEncoding = 4; lastKnownFileType = sourcecode.swift; path = AppViewModel.swift; sourceTree = "<group>"; };
		D26EBB19297634B600BA2012 /* DeviceView.swift */ = {isa = PBXFileReference; fileEncoding = 4; lastKnownFileType = sourcecode.swift; path = DeviceView.swift; sourceTree = "<group>"; };
		D26EBB1A297634B600BA2012 /* LogView.swift */ = {isa = PBXFileReference; fileEncoding = 4; lastKnownFileType = sourcecode.swift; path = LogView.swift; sourceTree = "<group>"; };
		D26EBB1B297634B600BA2012 /* ActionView.swift */ = {isa = PBXFileReference; fileEncoding = 4; lastKnownFileType = sourcecode.swift; path = ActionView.swift; sourceTree = "<group>"; };
		D26EBB24297638E500BA2012 /* ContentView.swift */ = {isa = PBXFileReference; fileEncoding = 4; lastKnownFileType = sourcecode.swift; path = ContentView.swift; sourceTree = "<group>"; };
		D26EBB262976392500BA2012 /* PeerConnection.swift */ = {isa = PBXFileReference; lastKnownFileType = sourcecode.swift; path = PeerConnection.swift; sourceTree = "<group>"; };
		D26EBB2929768A7500BA2012 /* PeerListener.swift */ = {isa = PBXFileReference; lastKnownFileType = sourcecode.swift; path = PeerListener.swift; sourceTree = "<group>"; };
		D26EBB3329778F5000BA2012 /* Info.plist */ = {isa = PBXFileReference; lastKnownFileType = text.plist; path = Info.plist; sourceTree = "<group>"; };
		D2C8408F29815E7F0012C2F1 /* PeerProtocol.swift */ = {isa = PBXFileReference; lastKnownFileType = sourcecode.swift; path = PeerProtocol.swift; sourceTree = "<group>"; };
/* End PBXFileReference section */

/* Begin PBXFrameworksBuildPhase section */
		D26EBB03297632F000BA2012 /* Frameworks */ = {
			isa = PBXFrameworksBuildPhase;
			buildActionMask = 2147483647;
			files = (
			);
			runOnlyForDeploymentPostprocessing = 0;
		};
/* End PBXFrameworksBuildPhase section */

/* Begin PBXGroup section */
		D26EBAFD297632F000BA2012 = {
			isa = PBXGroup;
			children = (
				D26EBB08297632F000BA2012 /* DemoNetworkApp */,
				D26EBB07297632F000BA2012 /* Products */,
			);
			sourceTree = "<group>";
		};
		D26EBB07297632F000BA2012 /* Products */ = {
			isa = PBXGroup;
			children = (
				D26EBB06297632F000BA2012 /* DemoNetworkApp.app */,
			);
			name = Products;
			sourceTree = "<group>";
		};
		D26EBB08297632F000BA2012 /* DemoNetworkApp */ = {
			isa = PBXGroup;
			children = (
				D26EBB3329778F5000BA2012 /* Info.plist */,
				D26EBB09297632F000BA2012 /* DemoNetworkAppApp.swift */,
				D26EBB24297638E500BA2012 /* ContentView.swift */,
				D26EBB1B297634B600BA2012 /* ActionView.swift */,
				D26EBB19297634B600BA2012 /* DeviceView.swift */,
				D26EBB1A297634B600BA2012 /* LogView.swift */,
				D26EBB17297634B600BA2012 /* AppViewModel.swift */,
				D26EBB282976392D00BA2012 /* Network */,
				D26EBB0D297632F100BA2012 /* Assets.xcassets */,
				D26EBB0F297632F100BA2012 /* Preview Content */,
			);
			path = DemoNetworkApp;
			sourceTree = "<group>";
		};
		D26EBB0F297632F100BA2012 /* Preview Content */ = {
			isa = PBXGroup;
			children = (
				D26EBB10297632F100BA2012 /* Preview Assets.xcassets */,
			);
			path = "Preview Content";
			sourceTree = "<group>";
		};
		D26EBB282976392D00BA2012 /* Network */ = {
			isa = PBXGroup;
			children = (
				D22F5A37297E82FD000D1524 /* PeerBrowser.swift */,
				D26EBB262976392500BA2012 /* PeerConnection.swift */,
				D26EBB2929768A7500BA2012 /* PeerListener.swift */,
				D239652829793BD90098FD50 /* NWParameters+InitWithPasscode.swift */,
				D2C8408F29815E7F0012C2F1 /* PeerProtocol.swift */,
			);
			path = Network;
			sourceTree = "<group>";
		};
/* End PBXGroup section */

/* Begin PBXNativeTarget section */
		D26EBB05297632F000BA2012 /* DemoNetworkApp */ = {
			isa = PBXNativeTarget;
			buildConfigurationList = D26EBB14297632F100BA2012 /* Build configuration list for PBXNativeTarget "DemoNetworkApp" */;
			buildPhases = (
				D26EBB02297632F000BA2012 /* Sources */,
				D26EBB03297632F000BA2012 /* Frameworks */,
				D26EBB04297632F000BA2012 /* Resources */,
			);
			buildRules = (
			);
			dependencies = (
			);
			name = DemoNetworkApp;
			productName = DemoNetworkApp;
			productReference = D26EBB06297632F000BA2012 /* DemoNetworkApp.app */;
			productType = "com.apple.product-type.application";
		};
/* End PBXNativeTarget section */

/* Begin PBXProject section */
		D26EBAFE297632F000BA2012 /* Project object */ = {
			isa = PBXProject;
			attributes = {
				BuildIndependentTargetsInParallel = 1;
				LastSwiftUpdateCheck = 1420;
				LastUpgradeCheck = 1420;
				TargetAttributes = {
					D26EBB05297632F000BA2012 = {
						CreatedOnToolsVersion = 14.2;
					};
				};
			};
			buildConfigurationList = D26EBB01297632F000BA2012 /* Build configuration list for PBXProject "DemoNetworkApp" */;
			compatibilityVersion = "Xcode 14.0";
			developmentRegion = en;
			hasScannedForEncodings = 0;
			knownRegions = (
				en,
				Base,
			);
			mainGroup = D26EBAFD297632F000BA2012;
			productRefGroup = D26EBB07297632F000BA2012 /* Products */;
			projectDirPath = "";
			projectRoot = "";
			targets = (
				D26EBB05297632F000BA2012 /* DemoNetworkApp */,
			);
		};
/* End PBXProject section */

/* Begin PBXResourcesBuildPhase section */
		D26EBB04297632F000BA2012 /* Resources */ = {
			isa = PBXResourcesBuildPhase;
			buildActionMask = 2147483647;
			files = (
				D26EBB11297632F100BA2012 /* Preview Assets.xcassets in Resources */,
				D26EBB0E297632F100BA2012 /* Assets.xcassets in Resources */,
			);
			runOnlyForDeploymentPostprocessing = 0;
		};
/* End PBXResourcesBuildPhase section */

/* Begin PBXSourcesBuildPhase section */
		D26EBB02297632F000BA2012 /* Sources */ = {
			isa = PBXSourcesBuildPhase;
			buildActionMask = 2147483647;
			files = (
				D2C8409029815E7F0012C2F1 /* PeerProtocol.swift in Sources */,
				D26EBB1F297634B600BA2012 /* LogView.swift in Sources */,
				D26EBB0A297632F000BA2012 /* DemoNetworkAppApp.swift in Sources */,
				D26EBB272976392500BA2012 /* PeerConnection.swift in Sources */,
				D26EBB25297638E500BA2012 /* ContentView.swift in Sources */,
				D26EBB1E297634B600BA2012 /* DeviceView.swift in Sources */,
				D26EBB1C297634B600BA2012 /* AppViewModel.swift in Sources */,
				D26EBB20297634B600BA2012 /* ActionView.swift in Sources */,
				D239652929793BD90098FD50 /* NWParameters+InitWithPasscode.swift in Sources */,
				D22F5A38297E82FD000D1524 /* PeerBrowser.swift in Sources */,
				D26EBB2A29768A7500BA2012 /* PeerListener.swift in Sources */,
			);
			runOnlyForDeploymentPostprocessing = 0;
		};
/* End PBXSourcesBuildPhase section */

/* Begin XCBuildConfiguration section */
		D26EBB12297632F100BA2012 /* Debug */ = {
			isa = XCBuildConfiguration;
			buildSettings = {
				ALWAYS_SEARCH_USER_PATHS = NO;
				CLANG_ANALYZER_NONNULL = YES;
				CLANG_ANALYZER_NUMBER_OBJECT_CONVERSION = YES_AGGRESSIVE;
				CLANG_CXX_LANGUAGE_STANDARD = "gnu++20";
				CLANG_ENABLE_MODULES = YES;
				CLANG_ENABLE_OBJC_ARC = YES;
				CLANG_ENABLE_OBJC_WEAK = YES;
				CLANG_WARN_BLOCK_CAPTURE_AUTORELEASING = YES;
				CLANG_WARN_BOOL_CONVERSION = YES;
				CLANG_WARN_COMMA = YES;
				CLANG_WARN_CONSTANT_CONVERSION = YES;
				CLANG_WARN_DEPRECATED_OBJC_IMPLEMENTATIONS = YES;
				CLANG_WARN_DIRECT_OBJC_ISA_USAGE = YES_ERROR;
				CLANG_WARN_DOCUMENTATION_COMMENTS = YES;
				CLANG_WARN_EMPTY_BODY = YES;
				CLANG_WARN_ENUM_CONVERSION = YES;
				CLANG_WARN_INFINITE_RECURSION = YES;
				CLANG_WARN_INT_CONVERSION = YES;
				CLANG_WARN_NON_LITERAL_NULL_CONVERSION = YES;
				CLANG_WARN_OBJC_IMPLICIT_RETAIN_SELF = YES;
				CLANG_WARN_OBJC_LITERAL_CONVERSION = YES;
				CLANG_WARN_OBJC_ROOT_CLASS = YES_ERROR;
				CLANG_WARN_QUOTED_INCLUDE_IN_FRAMEWORK_HEADER = YES;
				CLANG_WARN_RANGE_LOOP_ANALYSIS = YES;
				CLANG_WARN_STRICT_PROTOTYPES = YES;
				CLANG_WARN_SUSPICIOUS_MOVE = YES;
				CLANG_WARN_UNGUARDED_AVAILABILITY = YES_AGGRESSIVE;
				CLANG_WARN_UNREACHABLE_CODE = YES;
				CLANG_WARN__DUPLICATE_METHOD_MATCH = YES;
				COPY_PHASE_STRIP = NO;
				DEBUG_INFORMATION_FORMAT = dwarf;
				ENABLE_STRICT_OBJC_MSGSEND = YES;
				ENABLE_TESTABILITY = YES;
				GCC_C_LANGUAGE_STANDARD = gnu11;
				GCC_DYNAMIC_NO_PIC = NO;
				GCC_NO_COMMON_BLOCKS = YES;
				GCC_OPTIMIZATION_LEVEL = 0;
				GCC_PREPROCESSOR_DEFINITIONS = (
					"DEBUG=1",
					"$(inherited)",
				);
				GCC_WARN_64_TO_32_BIT_CONVERSION = YES;
				GCC_WARN_ABOUT_RETURN_TYPE = YES_ERROR;
				GCC_WARN_UNDECLARED_SELECTOR = YES;
				GCC_WARN_UNINITIALIZED_AUTOS = YES_AGGRESSIVE;
				GCC_WARN_UNUSED_FUNCTION = YES;
				GCC_WARN_UNUSED_VARIABLE = YES;
				IPHONEOS_DEPLOYMENT_TARGET = 15.0;
				MTL_ENABLE_DEBUG_INFO = INCLUDE_SOURCE;
				MTL_FAST_MATH = YES;
				ONLY_ACTIVE_ARCH = YES;
				SDKROOT = iphoneos;
				SWIFT_ACTIVE_COMPILATION_CONDITIONS = DEBUG;
				SWIFT_OPTIMIZATION_LEVEL = "-Onone";
			};
			name = Debug;
		};
		D26EBB13297632F100BA2012 /* Release */ = {
			isa = XCBuildConfiguration;
			buildSettings = {
				ALWAYS_SEARCH_USER_PATHS = NO;
				CLANG_ANALYZER_NONNULL = YES;
				CLANG_ANALYZER_NUMBER_OBJECT_CONVERSION = YES_AGGRESSIVE;
				CLANG_CXX_LANGUAGE_STANDARD = "gnu++20";
				CLANG_ENABLE_MODULES = YES;
				CLANG_ENABLE_OBJC_ARC = YES;
				CLANG_ENABLE_OBJC_WEAK = YES;
				CLANG_WARN_BLOCK_CAPTURE_AUTORELEASING = YES;
				CLANG_WARN_BOOL_CONVERSION = YES;
				CLANG_WARN_COMMA = YES;
				CLANG_WARN_CONSTANT_CONVERSION = YES;
				CLANG_WARN_DEPRECATED_OBJC_IMPLEMENTATIONS = YES;
				CLANG_WARN_DIRECT_OBJC_ISA_USAGE = YES_ERROR;
				CLANG_WARN_DOCUMENTATION_COMMENTS = YES;
				CLANG_WARN_EMPTY_BODY = YES;
				CLANG_WARN_ENUM_CONVERSION = YES;
				CLANG_WARN_INFINITE_RECURSION = YES;
				CLANG_WARN_INT_CONVERSION = YES;
				CLANG_WARN_NON_LITERAL_NULL_CONVERSION = YES;
				CLANG_WARN_OBJC_IMPLICIT_RETAIN_SELF = YES;
				CLANG_WARN_OBJC_LITERAL_CONVERSION = YES;
				CLANG_WARN_OBJC_ROOT_CLASS = YES_ERROR;
				CLANG_WARN_QUOTED_INCLUDE_IN_FRAMEWORK_HEADER = YES;
				CLANG_WARN_RANGE_LOOP_ANALYSIS = YES;
				CLANG_WARN_STRICT_PROTOTYPES = YES;
				CLANG_WARN_SUSPICIOUS_MOVE = YES;
				CLANG_WARN_UNGUARDED_AVAILABILITY = YES_AGGRESSIVE;
				CLANG_WARN_UNREACHABLE_CODE = YES;
				CLANG_WARN__DUPLICATE_METHOD_MATCH = YES;
				COPY_PHASE_STRIP = NO;
				DEBUG_INFORMATION_FORMAT = "dwarf-with-dsym";
				ENABLE_NS_ASSERTIONS = NO;
				ENABLE_STRICT_OBJC_MSGSEND = YES;
				GCC_C_LANGUAGE_STANDARD = gnu11;
				GCC_NO_COMMON_BLOCKS = YES;
				GCC_WARN_64_TO_32_BIT_CONVERSION = YES;
				GCC_WARN_ABOUT_RETURN_TYPE = YES_ERROR;
				GCC_WARN_UNDECLARED_SELECTOR = YES;
				GCC_WARN_UNINITIALIZED_AUTOS = YES_AGGRESSIVE;
				GCC_WARN_UNUSED_FUNCTION = YES;
				GCC_WARN_UNUSED_VARIABLE = YES;
				IPHONEOS_DEPLOYMENT_TARGET = 15.0;
				MTL_ENABLE_DEBUG_INFO = NO;
				MTL_FAST_MATH = YES;
				SDKROOT = iphoneos;
				SWIFT_COMPILATION_MODE = wholemodule;
				SWIFT_OPTIMIZATION_LEVEL = "-O";
				VALIDATE_PRODUCT = YES;
			};
			name = Release;
		};
		D26EBB15297632F100BA2012 /* Debug */ = {
			isa = XCBuildConfiguration;
			buildSettings = {
				ASSETCATALOG_COMPILER_APPICON_NAME = AppIcon;
				ASSETCATALOG_COMPILER_GLOBAL_ACCENT_COLOR_NAME = AccentColor;
				CODE_SIGN_STYLE = Automatic;
				CURRENT_PROJECT_VERSION = 1;
				DEVELOPMENT_ASSET_PATHS = "\"DemoNetworkApp/Preview Content\"";
				DEVELOPMENT_TEAM = M9X4Q7NPJT;
				ENABLE_PREVIEWS = YES;
				GENERATE_INFOPLIST_FILE = YES;
				INFOPLIST_FILE = DemoNetworkApp/Info.plist;
				INFOPLIST_KEY_NSLocalNetworkUsageDescription = "DemoNetwork need access local network";
				INFOPLIST_KEY_UIApplicationSceneManifest_Generation = YES;
				INFOPLIST_KEY_UIApplicationSupportsIndirectInputEvents = YES;
				INFOPLIST_KEY_UILaunchScreen_Generation = YES;
				INFOPLIST_KEY_UISupportedInterfaceOrientations_iPad = "UIInterfaceOrientationPortrait UIInterfaceOrientationPortraitUpsideDown UIInterfaceOrientationLandscapeLeft UIInterfaceOrientationLandscapeRight";
				INFOPLIST_KEY_UISupportedInterfaceOrientations_iPhone = "UIInterfaceOrientationPortrait UIInterfaceOrientationLandscapeLeft UIInterfaceOrientationLandscapeRight";
				IPHONEOS_DEPLOYMENT_TARGET = 15.0;
				LD_RUNPATH_SEARCH_PATHS = (
					"$(inherited)",
					"@executable_path/Frameworks",
				);
				MARKETING_VERSION = 1.0;
				PRODUCT_BUNDLE_IDENTIFIER = com.konka.et.DemoNetworkApp;
				PRODUCT_NAME = "$(TARGET_NAME)";
				SWIFT_EMIT_LOC_STRINGS = YES;
				SWIFT_VERSION = 5.0;
				TARGETED_DEVICE_FAMILY = "1,2";
			};
			name = Debug;
		};
		D26EBB16297632F100BA2012 /* Release */ = {
			isa = XCBuildConfiguration;
			buildSettings = {
				ASSETCATALOG_COMPILER_APPICON_NAME = AppIcon;
				ASSETCATALOG_COMPILER_GLOBAL_ACCENT_COLOR_NAME = AccentColor;
				CODE_SIGN_STYLE = Automatic;
				CURRENT_PROJECT_VERSION = 1;
				DEVELOPMENT_ASSET_PATHS = "\"DemoNetworkApp/Preview Content\"";
				DEVELOPMENT_TEAM = M9X4Q7NPJT;
				ENABLE_PREVIEWS = YES;
				GENERATE_INFOPLIST_FILE = YES;
				INFOPLIST_FILE = DemoNetworkApp/Info.plist;
				INFOPLIST_KEY_NSLocalNetworkUsageDescription = "DemoNetwork need access local network";
				INFOPLIST_KEY_UIApplicationSceneManifest_Generation = YES;
				INFOPLIST_KEY_UIApplicationSupportsIndirectInputEvents = YES;
				INFOPLIST_KEY_UILaunchScreen_Generation = YES;
				INFOPLIST_KEY_UISupportedInterfaceOrientations_iPad = "UIInterfaceOrientationPortrait UIInterfaceOrientationPortraitUpsideDown UIInterfaceOrientationLandscapeLeft UIInterfaceOrientationLandscapeRight";
				INFOPLIST_KEY_UISupportedInterfaceOrientations_iPhone = "UIInterfaceOrientationPortrait UIInterfaceOrientationLandscapeLeft UIInterfaceOrientationLandscapeRight";
				IPHONEOS_DEPLOYMENT_TARGET = 15.0;
				LD_RUNPATH_SEARCH_PATHS = (
					"$(inherited)",
					"@executable_path/Frameworks",
				);
				MARKETING_VERSION = 1.0;
				PRODUCT_BUNDLE_IDENTIFIER = com.konka.et.DemoNetworkApp;
				PRODUCT_NAME = "$(TARGET_NAME)";
				SWIFT_EMIT_LOC_STRINGS = YES;
				SWIFT_VERSION = 5.0;
				TARGETED_DEVICE_FAMILY = "1,2";
			};
			name = Release;
		};
/* End XCBuildConfiguration section */

/* Begin XCConfigurationList section */
		D26EBB01297632F000BA2012 /* Build configuration list for PBXProject "DemoNetworkApp" */ = {
			isa = XCConfigurationList;
			buildConfigurations = (
				D26EBB12297632F100BA2012 /* Debug */,
				D26EBB13297632F100BA2012 /* Release */,
			);
			defaultConfigurationIsVisible = 0;
			defaultConfigurationName = Release;
		};
		D26EBB14297632F100BA2012 /* Build configuration list for PBXNativeTarget "DemoNetworkApp" */ = {
			isa = XCConfigurationList;
			buildConfigurations = (
				D26EBB15297632F100BA2012 /* Debug */,
				D26EBB16297632F100BA2012 /* Release */,
			);
			defaultConfigurationIsVisible = 0;
			defaultConfigurationName = Release;
		};
/* End XCConfigurationList section */
	};
	rootObject = D26EBAFE297632F000BA2012 /* Project object */;
}
